
Microsoft Visual Studio Solution File, Format Version 12.00
# Visual Studio 2013
VisualStudioVersion = 12.0.21005.1
MinimumVisualStudioVersion = 10.0.40219.1
Project("{8BC9CEB8-8B4A-11D0-8D11-00A0C91BC942}") = "cppcomponents_concurrency", "cppcomponents_concurrency\cppcomponents_concurrency.vcxproj", "{300AF6BC-FFBD-403A-92B9-E0C4A848C2AF}"
EndProject
Project("{8BC9CEB8-8B4A-11D0-8D11-00A0C91BC942}") = "unit_test", "unit_test\unit_test.vcxproj", "{7C0DE289-E835-4F28-ACD3-D17486978BB3}"
EndProject
Global
	GlobalSection(SolutionConfigurationPlatforms) = preSolution
		Debug|Win32 = Debug|Win32
		Release|Win32 = Release|Win32
	EndGlobalSection
	GlobalSection(ProjectConfigurationPlatforms) = postSolution
		{300AF6BC-FFBD-403A-92B9-E0C4A848C2AF}.Debug|Win32.ActiveCfg = Debug|Win32
		{300AF6BC-FFBD-403A-92B9-E0C4A848C2AF}.Debug|Win32.Build.0 = Debug|Win32
		{300AF6BC-FFBD-403A-92B9-E0C4A848C2AF}.Release|Win32.ActiveCfg = Release|Win32
		{300AF6BC-FFBD-403A-92B9-E0C4A848C2AF}.Release|Win32.Build.0 = Release|Win32
		{7C0DE289-E835-4F28-ACD3-D17486978BB3}.Debug|Win32.ActiveCfg = Debug|Win32
		{7C0DE289-E835-4F28-ACD3-D17486978BB3}.Debug|Win32.Build.0 = Debug|Win32
		{7C0DE289-E835-4F28-ACD3-D17486978BB3}.Release|Win32.ActiveCfg = Release|Win32
		{7C0DE289-E835-4F28-ACD3-D17486978BB3}.Release|Win32.Build.0 = Release|Win32
	EndGlobalSection
	GlobalSection(SolutionProperties) = preSolution
		HideSolutionNode = FALSE
	EndGlobalSection
EndGlobal
